
Microsoft Visual Studio Solution File, Format Version 12.00
# Visual Studio Version 17
VisualStudioVersion = 17.1.32210.238
MinimumVisualStudioVersion = 10.0.40219.1
Project("{9A19103F-16F7-4668-BE54-9A1E7A4F7556}") = "CodeAid.UI", "CodeAid.UI\CodeAid.UI.csproj", "{F1912D03-3865-4E78-BDBC-69440DD4D1DB}"
EndProject
Project("{9A19103F-16F7-4668-BE54-9A1E7A4F7556}") = "CodeAid.API", "CodeAid.API\CodeAid.API.csproj", "{10C24B64-2442-455A-B68A-B4E1AB7A0510}"
EndProject
Project("{9A19103F-16F7-4668-BE54-9A1E7A4F7556}") = "CodeAid.Shared", "CodeAid.Shared\CodeAid.Shared.csproj", "{B4F24829-8785-4D8A-9FA1-73585F369C24}"
EndProject
Global
	GlobalSection(SolutionConfigurationPlatforms) = preSolution
		Debug|Any CPU = Debug|Any CPU
		Release|Any CPU = Release|Any CPU
	EndGlobalSection
	GlobalSection(ProjectConfigurationPlatforms) = postSolution
		{F1912D03-3865-4E78-BDBC-69440DD4D1DB}.Debug|Any CPU.ActiveCfg = Debug|Any CPU
		{F1912D03-3865-4E78-BDBC-69440DD4D1DB}.Debug|Any CPU.Build.0 = Debug|Any CPU
		{F1912D03-3865-4E78-BDBC-69440DD4D1DB}.Release|Any CPU.ActiveCfg = Release|Any CPU
		{F1912D03-3865-4E78-BDBC-69440DD4D1DB}.Release|Any CPU.Build.0 = Release|Any CPU
		{10C24B64-2442-455A-B68A-B4E1AB7A0510}.Debug|Any CPU.ActiveCfg = Debug|Any CPU
		{10C24B64-2442-455A-B68A-B4E1AB7A0510}.Debug|Any CPU.Build.0 = Debug|Any CPU
		{10C24B64-2442-455A-B68A-B4E1AB7A0510}.Release|Any CPU.ActiveCfg = Release|Any CPU
		{10C24B64-2442-455A-B68A-B4E1AB7A0510}.Release|Any CPU.Build.0 = Release|Any CPU
		{B4F24829-8785-4D8A-9FA1-73585F369C24}.Debug|Any CPU.ActiveCfg = Debug|Any CPU
		{B4F24829-8785-4D8A-9FA1-73585F369C24}.Debug|Any CPU.Build.0 = Debug|Any CPU
		{B4F24829-8785-4D8A-9FA1-73585F369C24}.Release|Any CPU.ActiveCfg = Release|Any CPU
		{B4F24829-8785-4D8A-9FA1-73585F369C24}.Release|Any CPU.Build.0 = Release|Any CPU
	EndGlobalSection
	GlobalSection(SolutionProperties) = preSolution
		HideSolutionNode = FALSE
	EndGlobalSection
	GlobalSection(ExtensibilityGlobals) = postSolution
		SolutionGuid = {BBE6115D-C7E7-4504-A985-DD413193C5E3}
	EndGlobalSection
EndGlobal
